
Microsoft Visual Studio Solution File, Format Version 12.00
# Visual Studio 15
VisualStudioVersion = 15.0.26430.14
MinimumVisualStudioVersion = 10.0.40219.1
Project("{2150E333-8FDC-42A3-9474-1A3956D46DE8}") = "Common", "Common", "{858DB09D-5448-44C4-8646-782CC95DC7CA}"
EndProject
Project("{2150E333-8FDC-42A3-9474-1A3956D46DE8}") = "Bussiness", "Bussiness", "{FEF4ADC2-0A26-40CF-AABF-AFA9A2C5C407}"
EndProject
Project("{2150E333-8FDC-42A3-9474-1A3956D46DE8}") = "Service", "Service", "{42AEF8A1-D75E-4F84-AFCE-D5D42D703144}"
EndProject
Project("{2150E333-8FDC-42A3-9474-1A3956D46DE8}") = "UI", "UI", "{10FF2198-95D4-4A2E-B92A-4FE3E83AEAE1}"
EndProject
Project("{2150E333-8FDC-42A3-9474-1A3956D46DE8}") = "UnitTests", "UnitTests", "{B97B410C-0089-4AAD-93F0-3A9239F20EBC}"
EndProject
Project("{FAE04EC0-301F-11D3-BF4B-00C04F79EFBC}") = "Common", "Common\Common.csproj", "{99ED8467-F9CE-4D89-88DA-76E45FF198F6}"
EndProject
Project("{FAE04EC0-301F-11D3-BF4B-00C04F79EFBC}") = "Caching", "Caching\Caching.csproj", "{E352C227-D7A6-4B9F-B689-A1CE2765D67D}"
EndProject
Project("{FAE04EC0-301F-11D3-BF4B-00C04F79EFBC}") = "MQ", "MQ\MQ.csproj", "{20B9DEC0-F271-45A3-9142-050EB8353A2B}"
EndProject
Project("{FAE04EC0-301F-11D3-BF4B-00C04F79EFBC}") = "MQConsumer", "MQConsumer\MQConsumer.csproj", "{1DCEADF3-5C28-4442-BDDC-231546BABAAE}"
EndProject
Project("{FAE04EC0-301F-11D3-BF4B-00C04F79EFBC}") = "AOP", "AOP\AOP.csproj", "{A2CAD331-6578-4CB1-8FE0-2B06809B6925}"
EndProject
Project("{2150E333-8FDC-42A3-9474-1A3956D46DE8}") = "Entity", "Entity", "{EB933A12-0071-4E80-90ED-89D9316E3D48}"
EndProject
Project("{FAE04EC0-301F-11D3-BF4B-00C04F79EFBC}") = "Entity", "Entity\Entity.csproj", "{503A7A37-3805-46DC-9914-66E9C76F37DF}"
EndProject
Project("{FAE04EC0-301F-11D3-BF4B-00C04F79EFBC}") = "JnsModel", "JnsModel\JnsModel.csproj", "{857B1F37-82C9-46F8-AE5E-5644A1D1C5EC}"
EndProject
Project("{FAE04EC0-301F-11D3-BF4B-00C04F79EFBC}") = "JnsBll", "JnsBll\JnsBll.csproj", "{CA83B20F-D269-43C5-B2BB-7C6DCE683342}"
EndProject
Project("{FAE04EC0-301F-11D3-BF4B-00C04F79EFBC}") = "JnsDAL", "JnsDAL\JnsDAL.csproj", "{67D69AE0-BC36-4EC0-BE5A-D1C766D4563A}"
EndProject
Project("{FAE04EC0-301F-11D3-BF4B-00C04F79EFBC}") = "Core", "Core\Core.csproj", "{190E8371-B3C4-456F-A0F9-39ACCA30E0D1}"
EndProject
Project("{FAE04EC0-301F-11D3-BF4B-00C04F79EFBC}") = "Web", "Web\Web.csproj", "{F734A22C-6C6E-4499-89E5-1D9A722DFC38}"
EndProject
Project("{FAE04EC0-301F-11D3-BF4B-00C04F79EFBC}") = "ServiceHost", "ServiceHost\ServiceHost.csproj", "{C934778B-3D7C-4E78-800A-D18C6FA732BD}"
EndProject
Project("{FAE04EC0-301F-11D3-BF4B-00C04F79EFBC}") = "JobHost", "JobHost\JobHost.csproj", "{6585A0EC-CC60-4326-9AF7-B0EA411136C0}"
EndProject
Project("{FAE04EC0-301F-11D3-BF4B-00C04F79EFBC}") = "JnsDict", "JnsDict\JnsDict.csproj", "{370D3456-E803-4957-AA0F-9874F0F69323}"
EndProject
Project("{FAE04EC0-301F-11D3-BF4B-00C04F79EFBC}") = "ServiceProxy", "ServiceProxy\ServiceProxy.csproj", "{76756788-A32F-4650-A93E-8579DB917AB2}"
EndProject
Project("{FAE04EC0-301F-11D3-BF4B-00C04F79EFBC}") = "CoreTest", "CoreTest\CoreTest.csproj", "{38318724-D01C-4EC2-9C1D-9CDFA1C7385E}"
EndProject
Project("{FAE04EC0-301F-11D3-BF4B-00C04F79EFBC}") = "ServiceTest", "ServiceTest\ServiceTest.csproj", "{96B4A0B8-FA1A-4078-8EB2-40325A491BCA}"
EndProject
Project("{FAE04EC0-301F-11D3-BF4B-00C04F79EFBC}") = "CommonTest", "CommonTest\CommonTest.csproj", "{DBA0F824-20F9-46B1-A2AD-E0966BE11E30}"
EndProject
Project("{FAE04EC0-301F-11D3-BF4B-00C04F79EFBC}") = "ProxyTest", "ProxyTest\ProxyTest.csproj", "{823A333B-8E5C-4D29-89D8-05D21CDB5F45}"
EndProject
Project("{FAE04EC0-301F-11D3-BF4B-00C04F79EFBC}") = "Query", "Query\Query.csproj", "{357B6D44-9F69-40AD-9688-D6AB6694762E}"
EndProject
Project("{2150E333-8FDC-42A3-9474-1A3956D46DE8}") = "DataAccess", "DataAccess", "{4A73CB62-EFC4-435B-B712-5AA9B7BEB1C4}"
EndProject
Project("{FAE04EC0-301F-11D3-BF4B-00C04F79EFBC}") = "JobService", "JobService\JobService.csproj", "{83C981C9-C7EA-4B42-9EA6-BE2C911F6CE9}"
EndProject
Project("{FAE04EC0-301F-11D3-BF4B-00C04F79EFBC}") = "ApiService", "ApiService\ApiService.csproj", "{3386FE36-898D-4C79-83C9-5EF90A4C33BC}"
EndProject
Project("{FAE04EC0-301F-11D3-BF4B-00C04F79EFBC}") = "Logger", "Logger\Logger.csproj", "{324FE792-B872-4AE7-AB8B-2F9A7120611C}"
EndProject
Project("{FAE04EC0-301F-11D3-BF4B-00C04F79EFBC}") = "BLL", "BLL\BLL.csproj", "{36671C76-D230-4F5A-8BF7-E1E406A96B14}"
EndProject
Project("{FAE04EC0-301F-11D3-BF4B-00C04F79EFBC}") = "DAL", "DAL\DAL.csproj", "{34B4C8D4-7294-447D-ABB8-9C453025302D}"
EndProject
Global
	GlobalSection(SolutionConfigurationPlatforms) = preSolution
		Debug|Any CPU = Debug|Any CPU
		Release|Any CPU = Release|Any CPU
	EndGlobalSection
	GlobalSection(ProjectConfigurationPlatforms) = postSolution
		{99ED8467-F9CE-4D89-88DA-76E45FF198F6}.Debug|Any CPU.ActiveCfg = Debug|Any CPU
		{99ED8467-F9CE-4D89-88DA-76E45FF198F6}.Debug|Any CPU.Build.0 = Debug|Any CPU
		{99ED8467-F9CE-4D89-88DA-76E45FF198F6}.Release|Any CPU.ActiveCfg = Release|Any CPU
		{99ED8467-F9CE-4D89-88DA-76E45FF198F6}.Release|Any CPU.Build.0 = Release|Any CPU
		{E352C227-D7A6-4B9F-B689-A1CE2765D67D}.Debug|Any CPU.ActiveCfg = Debug|Any CPU
		{E352C227-D7A6-4B9F-B689-A1CE2765D67D}.Debug|Any CPU.Build.0 = Debug|Any CPU
		{E352C227-D7A6-4B9F-B689-A1CE2765D67D}.Release|Any CPU.ActiveCfg = Release|Any CPU
		{E352C227-D7A6-4B9F-B689-A1CE2765D67D}.Release|Any CPU.Build.0 = Release|Any CPU
		{20B9DEC0-F271-45A3-9142-050EB8353A2B}.Debug|Any CPU.ActiveCfg = Debug|Any CPU
		{20B9DEC0-F271-45A3-9142-050EB8353A2B}.Debug|Any CPU.Build.0 = Debug|Any CPU
		{20B9DEC0-F271-45A3-9142-050EB8353A2B}.Release|Any CPU.ActiveCfg = Release|Any CPU
		{20B9DEC0-F271-45A3-9142-050EB8353A2B}.Release|Any CPU.Build.0 = Release|Any CPU
		{1DCEADF3-5C28-4442-BDDC-231546BABAAE}.Debug|Any CPU.ActiveCfg = Debug|Any CPU
		{1DCEADF3-5C28-4442-BDDC-231546BABAAE}.Debug|Any CPU.Build.0 = Debug|Any CPU
		{1DCEADF3-5C28-4442-BDDC-231546BABAAE}.Release|Any CPU.ActiveCfg = Release|Any CPU
		{1DCEADF3-5C28-4442-BDDC-231546BABAAE}.Release|Any CPU.Build.0 = Release|Any CPU
		{A2CAD331-6578-4CB1-8FE0-2B06809B6925}.Debug|Any CPU.ActiveCfg = Debug|Any CPU
		{A2CAD331-6578-4CB1-8FE0-2B06809B6925}.Debug|Any CPU.Build.0 = Debug|Any CPU
		{A2CAD331-6578-4CB1-8FE0-2B06809B6925}.Release|Any CPU.ActiveCfg = Release|Any CPU
		{A2CAD331-6578-4CB1-8FE0-2B06809B6925}.Release|Any CPU.Build.0 = Release|Any CPU
		{503A7A37-3805-46DC-9914-66E9C76F37DF}.Debug|Any CPU.ActiveCfg = Debug|Any CPU
		{503A7A37-3805-46DC-9914-66E9C76F37DF}.Debug|Any CPU.Build.0 = Debug|Any CPU
		{503A7A37-3805-46DC-9914-66E9C76F37DF}.Release|Any CPU.ActiveCfg = Release|Any CPU
		{503A7A37-3805-46DC-9914-66E9C76F37DF}.Release|Any CPU.Build.0 = Release|Any CPU
		{857B1F37-82C9-46F8-AE5E-5644A1D1C5EC}.Debug|Any CPU.ActiveCfg = Debug|Any CPU
		{857B1F37-82C9-46F8-AE5E-5644A1D1C5EC}.Debug|Any CPU.Build.0 = Debug|Any CPU
		{857B1F37-82C9-46F8-AE5E-5644A1D1C5EC}.Release|Any CPU.ActiveCfg = Release|Any CPU
		{857B1F37-82C9-46F8-AE5E-5644A1D1C5EC}.Release|Any CPU.Build.0 = Release|Any CPU
		{CA83B20F-D269-43C5-B2BB-7C6DCE683342}.Debug|Any CPU.ActiveCfg = Debug|Any CPU
		{CA83B20F-D269-43C5-B2BB-7C6DCE683342}.Debug|Any CPU.Build.0 = Debug|Any CPU
		{CA83B20F-D269-43C5-B2BB-7C6DCE683342}.Release|Any CPU.ActiveCfg = Release|Any CPU
		{CA83B20F-D269-43C5-B2BB-7C6DCE683342}.Release|Any CPU.Build.0 = Release|Any CPU
		{67D69AE0-BC36-4EC0-BE5A-D1C766D4563A}.Debug|Any CPU.ActiveCfg = Debug|Any CPU
		{67D69AE0-BC36-4EC0-BE5A-D1C766D4563A}.Debug|Any CPU.Build.0 = Debug|Any CPU
		{67D69AE0-BC36-4EC0-BE5A-D1C766D4563A}.Release|Any CPU.ActiveCfg = Release|Any CPU
		{67D69AE0-BC36-4EC0-BE5A-D1C766D4563A}.Release|Any CPU.Build.0 = Release|Any CPU
		{190E8371-B3C4-456F-A0F9-39ACCA30E0D1}.Debug|Any CPU.ActiveCfg = Debug|Any CPU
		{190E8371-B3C4-456F-A0F9-39ACCA30E0D1}.Debug|Any CPU.Build.0 = Debug|Any CPU
		{190E8371-B3C4-456F-A0F9-39ACCA30E0D1}.Release|Any CPU.ActiveCfg = Release|Any CPU
		{190E8371-B3C4-456F-A0F9-39ACCA30E0D1}.Release|Any CPU.Build.0 = Release|Any CPU
		{F734A22C-6C6E-4499-89E5-1D9A722DFC38}.Debug|Any CPU.ActiveCfg = Debug|Any CPU
		{F734A22C-6C6E-4499-89E5-1D9A722DFC38}.Debug|Any CPU.Build.0 = Debug|Any CPU
		{F734A22C-6C6E-4499-89E5-1D9A722DFC38}.Release|Any CPU.ActiveCfg = Release|Any CPU
		{F734A22C-6C6E-4499-89E5-1D9A722DFC38}.Release|Any CPU.Build.0 = Release|Any CPU
		{C934778B-3D7C-4E78-800A-D18C6FA732BD}.Debug|Any CPU.ActiveCfg = Debug|Any CPU
		{C934778B-3D7C-4E78-800A-D18C6FA732BD}.Debug|Any CPU.Build.0 = Debug|Any CPU
		{C934778B-3D7C-4E78-800A-D18C6FA732BD}.Release|Any CPU.ActiveCfg = Release|Any CPU
		{C934778B-3D7C-4E78-800A-D18C6FA732BD}.Release|Any CPU.Build.0 = Release|Any CPU
		{6585A0EC-CC60-4326-9AF7-B0EA411136C0}.Debug|Any CPU.ActiveCfg = Debug|Any CPU
		{6585A0EC-CC60-4326-9AF7-B0EA411136C0}.Debug|Any CPU.Build.0 = Debug|Any CPU
		{6585A0EC-CC60-4326-9AF7-B0EA411136C0}.Release|Any CPU.ActiveCfg = Release|Any CPU
		{6585A0EC-CC60-4326-9AF7-B0EA411136C0}.Release|Any CPU.Build.0 = Release|Any CPU
		{370D3456-E803-4957-AA0F-9874F0F69323}.Debug|Any CPU.ActiveCfg = Debug|Any CPU
		{370D3456-E803-4957-AA0F-9874F0F69323}.Debug|Any CPU.Build.0 = Debug|Any CPU
		{370D3456-E803-4957-AA0F-9874F0F69323}.Release|Any CPU.ActiveCfg = Release|Any CPU
		{370D3456-E803-4957-AA0F-9874F0F69323}.Release|Any CPU.Build.0 = Release|Any CPU
		{76756788-A32F-4650-A93E-8579DB917AB2}.Debug|Any CPU.ActiveCfg = Debug|Any CPU
		{76756788-A32F-4650-A93E-8579DB917AB2}.Debug|Any CPU.Build.0 = Debug|Any CPU
		{76756788-A32F-4650-A93E-8579DB917AB2}.Release|Any CPU.ActiveCfg = Release|Any CPU
		{76756788-A32F-4650-A93E-8579DB917AB2}.Release|Any CPU.Build.0 = Release|Any CPU
		{38318724-D01C-4EC2-9C1D-9CDFA1C7385E}.Debug|Any CPU.ActiveCfg = Debug|Any CPU
		{38318724-D01C-4EC2-9C1D-9CDFA1C7385E}.Debug|Any CPU.Build.0 = Debug|Any CPU
		{38318724-D01C-4EC2-9C1D-9CDFA1C7385E}.Release|Any CPU.ActiveCfg = Release|Any CPU
		{38318724-D01C-4EC2-9C1D-9CDFA1C7385E}.Release|Any CPU.Build.0 = Release|Any CPU
		{96B4A0B8-FA1A-4078-8EB2-40325A491BCA}.Debug|Any CPU.ActiveCfg = Debug|Any CPU
		{96B4A0B8-FA1A-4078-8EB2-40325A491BCA}.Debug|Any CPU.Build.0 = Debug|Any CPU
		{96B4A0B8-FA1A-4078-8EB2-40325A491BCA}.Release|Any CPU.ActiveCfg = Release|Any CPU
		{96B4A0B8-FA1A-4078-8EB2-40325A491BCA}.Release|Any CPU.Build.0 = Release|Any CPU
		{DBA0F824-20F9-46B1-A2AD-E0966BE11E30}.Debug|Any CPU.ActiveCfg = Debug|Any CPU
		{DBA0F824-20F9-46B1-A2AD-E0966BE11E30}.Debug|Any CPU.Build.0 = Debug|Any CPU
		{DBA0F824-20F9-46B1-A2AD-E0966BE11E30}.Release|Any CPU.ActiveCfg = Release|Any CPU
		{DBA0F824-20F9-46B1-A2AD-E0966BE11E30}.Release|Any CPU.Build.0 = Release|Any CPU
		{823A333B-8E5C-4D29-89D8-05D21CDB5F45}.Debug|Any CPU.ActiveCfg = Debug|Any CPU
		{823A333B-8E5C-4D29-89D8-05D21CDB5F45}.Debug|Any CPU.Build.0 = Debug|Any CPU
		{823A333B-8E5C-4D29-89D8-05D21CDB5F45}.Release|Any CPU.ActiveCfg = Release|Any CPU
		{823A333B-8E5C-4D29-89D8-05D21CDB5F45}.Release|Any CPU.Build.0 = Release|Any CPU
		{357B6D44-9F69-40AD-9688-D6AB6694762E}.Debug|Any CPU.ActiveCfg = Debug|Any CPU
		{357B6D44-9F69-40AD-9688-D6AB6694762E}.Debug|Any CPU.Build.0 = Debug|Any CPU
		{357B6D44-9F69-40AD-9688-D6AB6694762E}.Release|Any CPU.ActiveCfg = Release|Any CPU
		{357B6D44-9F69-40AD-9688-D6AB6694762E}.Release|Any CPU.Build.0 = Release|Any CPU
		{83C981C9-C7EA-4B42-9EA6-BE2C911F6CE9}.Debug|Any CPU.ActiveCfg = Debug|Any CPU
		{83C981C9-C7EA-4B42-9EA6-BE2C911F6CE9}.Debug|Any CPU.Build.0 = Debug|Any CPU
		{83C981C9-C7EA-4B42-9EA6-BE2C911F6CE9}.Release|Any CPU.ActiveCfg = Release|Any CPU
		{83C981C9-C7EA-4B42-9EA6-BE2C911F6CE9}.Release|Any CPU.Build.0 = Release|Any CPU
		{3386FE36-898D-4C79-83C9-5EF90A4C33BC}.Debug|Any CPU.ActiveCfg = Debug|Any CPU
		{3386FE36-898D-4C79-83C9-5EF90A4C33BC}.Debug|Any CPU.Build.0 = Debug|Any CPU
		{3386FE36-898D-4C79-83C9-5EF90A4C33BC}.Release|Any CPU.ActiveCfg = Release|Any CPU
		{3386FE36-898D-4C79-83C9-5EF90A4C33BC}.Release|Any CPU.Build.0 = Release|Any CPU
		{324FE792-B872-4AE7-AB8B-2F9A7120611C}.Debug|Any CPU.ActiveCfg = Debug|Any CPU
		{324FE792-B872-4AE7-AB8B-2F9A7120611C}.Debug|Any CPU.Build.0 = Debug|Any CPU
		{324FE792-B872-4AE7-AB8B-2F9A7120611C}.Release|Any CPU.ActiveCfg = Release|Any CPU
		{324FE792-B872-4AE7-AB8B-2F9A7120611C}.Release|Any CPU.Build.0 = Release|Any CPU
		{36671C76-D230-4F5A-8BF7-E1E406A96B14}.Debug|Any CPU.ActiveCfg = Debug|Any CPU
		{36671C76-D230-4F5A-8BF7-E1E406A96B14}.Debug|Any CPU.Build.0 = Debug|Any CPU
		{36671C76-D230-4F5A-8BF7-E1E406A96B14}.Release|Any CPU.ActiveCfg = Release|Any CPU
		{36671C76-D230-4F5A-8BF7-E1E406A96B14}.Release|Any CPU.Build.0 = Release|Any CPU
		{34B4C8D4-7294-447D-ABB8-9C453025302D}.Debug|Any CPU.ActiveCfg = Debug|Any CPU
		{34B4C8D4-7294-447D-ABB8-9C453025302D}.Debug|Any CPU.Build.0 = Debug|Any CPU
		{34B4C8D4-7294-447D-ABB8-9C453025302D}.Release|Any CPU.ActiveCfg = Release|Any CPU
		{34B4C8D4-7294-447D-ABB8-9C453025302D}.Release|Any CPU.Build.0 = Release|Any CPU
	EndGlobalSection
	GlobalSection(SolutionProperties) = preSolution
		HideSolutionNode = FALSE
	EndGlobalSection
	GlobalSection(NestedProjects) = preSolution
		{99ED8467-F9CE-4D89-88DA-76E45FF198F6} = {858DB09D-5448-44C4-8646-782CC95DC7CA}
		{E352C227-D7A6-4B9F-B689-A1CE2765D67D} = {858DB09D-5448-44C4-8646-782CC95DC7CA}
		{20B9DEC0-F271-45A3-9142-050EB8353A2B} = {858DB09D-5448-44C4-8646-782CC95DC7CA}
		{1DCEADF3-5C28-4442-BDDC-231546BABAAE} = {10FF2198-95D4-4A2E-B92A-4FE3E83AEAE1}
		{A2CAD331-6578-4CB1-8FE0-2B06809B6925} = {858DB09D-5448-44C4-8646-782CC95DC7CA}
		{503A7A37-3805-46DC-9914-66E9C76F37DF} = {EB933A12-0071-4E80-90ED-89D9316E3D48}
		{857B1F37-82C9-46F8-AE5E-5644A1D1C5EC} = {EB933A12-0071-4E80-90ED-89D9316E3D48}
		{CA83B20F-D269-43C5-B2BB-7C6DCE683342} = {4A73CB62-EFC4-435B-B712-5AA9B7BEB1C4}
		{67D69AE0-BC36-4EC0-BE5A-D1C766D4563A} = {4A73CB62-EFC4-435B-B712-5AA9B7BEB1C4}
		{190E8371-B3C4-456F-A0F9-39ACCA30E0D1} = {FEF4ADC2-0A26-40CF-AABF-AFA9A2C5C407}
		{F734A22C-6C6E-4499-89E5-1D9A722DFC38} = {10FF2198-95D4-4A2E-B92A-4FE3E83AEAE1}
		{C934778B-3D7C-4E78-800A-D18C6FA732BD} = {10FF2198-95D4-4A2E-B92A-4FE3E83AEAE1}
		{6585A0EC-CC60-4326-9AF7-B0EA411136C0} = {10FF2198-95D4-4A2E-B92A-4FE3E83AEAE1}
		{370D3456-E803-4957-AA0F-9874F0F69323} = {EB933A12-0071-4E80-90ED-89D9316E3D48}
		{76756788-A32F-4650-A93E-8579DB917AB2} = {FEF4ADC2-0A26-40CF-AABF-AFA9A2C5C407}
		{38318724-D01C-4EC2-9C1D-9CDFA1C7385E} = {B97B410C-0089-4AAD-93F0-3A9239F20EBC}
		{96B4A0B8-FA1A-4078-8EB2-40325A491BCA} = {B97B410C-0089-4AAD-93F0-3A9239F20EBC}
		{DBA0F824-20F9-46B1-A2AD-E0966BE11E30} = {B97B410C-0089-4AAD-93F0-3A9239F20EBC}
		{823A333B-8E5C-4D29-89D8-05D21CDB5F45} = {B97B410C-0089-4AAD-93F0-3A9239F20EBC}
		{357B6D44-9F69-40AD-9688-D6AB6694762E} = {FEF4ADC2-0A26-40CF-AABF-AFA9A2C5C407}
		{83C981C9-C7EA-4B42-9EA6-BE2C911F6CE9} = {42AEF8A1-D75E-4F84-AFCE-D5D42D703144}
		{3386FE36-898D-4C79-83C9-5EF90A4C33BC} = {42AEF8A1-D75E-4F84-AFCE-D5D42D703144}
		{324FE792-B872-4AE7-AB8B-2F9A7120611C} = {858DB09D-5448-44C4-8646-782CC95DC7CA}
		{36671C76-D230-4F5A-8BF7-E1E406A96B14} = {4A73CB62-EFC4-435B-B712-5AA9B7BEB1C4}
		{34B4C8D4-7294-447D-ABB8-9C453025302D} = {4A73CB62-EFC4-435B-B712-5AA9B7BEB1C4}
	EndGlobalSection
EndGlobal
